
Microsoft Visual Studio Solution File, Format Version 12.00
# Visual Studio Version 17
VisualStudioVersion = 17.9.34728.123
MinimumVisualStudioVersion = 10.0.40219.1
Project("{FAE04EC0-301F-11D3-BF4B-00C04F79EFBC}") = "TrafficTracker", "TrafficTracker\TrafficTracker.csproj", "{31DDA80D-F252-42F6-9102-6FFB3E3ABAF6}"
EndProject
Global
	GlobalSection(SolutionConfigurationPlatforms) = preSolution
		Debug|Any CPU = Debug|Any CPU
		Release|Any CPU = Release|Any CPU
	EndGlobalSection
	GlobalSection(ProjectConfigurationPlatforms) = postSolution
		{31DDA80D-F252-42F6-9102-6FFB3E3ABAF6}.Debug|Any CPU.ActiveCfg = Debug|Any CPU
		{31DDA80D-F252-42F6-9102-6FFB3E3ABAF6}.Debug|Any CPU.Build.0 = Debug|Any CPU
		{31DDA80D-F252-42F6-9102-6FFB3E3ABAF6}.Release|Any CPU.ActiveCfg = Release|Any CPU
		{31DDA80D-F252-42F6-9102-6FFB3E3ABAF6}.Release|Any CPU.Build.0 = Release|Any CPU
	EndGlobalSection
	GlobalSection(SolutionProperties) = preSolution
		HideSolutionNode = FALSE
	EndGlobalSection
	GlobalSection(ExtensibilityGlobals) = postSolution
		SolutionGuid = {5B18ECA9-A43E-487C-908C-1A353C572E9B}
	EndGlobalSection
EndGlobal
